# @generated by Move, please check-in and do not edit manually.

[move]
version = 3
manifest_digest = "20D19C583F4B6988B54158EF1624F272D0C330059A344AEC721A8D48D42652D8"
deps_digest = "F9B494B64F0615AED0E98FC12A85B85ECD2BC5185C22D30E7F67786BB52E507C"
dependencies = [
  { id = "Iota", name = "Iota" },
  { id = "IotaSystem", name = "IotaSystem" },
  { id = "MoveStdlib", name = "MoveStdlib" },
  { id = "Stardust", name = "Stardust" },
]

[[move.package]]
id = "Iota"
source = { git = "https://github.com/iotaledger/iota.git", rev = "f9c113ae42a639f65a944707d014b239bbe25544", subdir = "crates/iota-framework/packages/iota-framework" }

dependencies = [
  { id = "MoveStdlib", name = "MoveStdlib" },
]

[[move.package]]
id = "IotaSystem"
source = { git = "https://github.com/iotaledger/iota.git", rev = "f9c113ae42a639f65a944707d014b239bbe25544", subdir = "crates/iota-framework/packages/iota-system" }

dependencies = [
  { id = "Iota", name = "Iota" },
  { id = "MoveStdlib", name = "MoveStdlib" },
]

[[move.package]]
id = "MoveStdlib"
source = { git = "https://github.com/iotaledger/iota.git", rev = "f9c113ae42a639f65a944707d014b239bbe25544", subdir = "crates/iota-framework/packages/move-stdlib" }

[[move.package]]
id = "Stardust"
source = { git = "https://github.com/iotaledger/iota.git", rev = "f9c113ae42a639f65a944707d014b239bbe25544", subdir = "crates/iota-framework/packages/stardust" }

dependencies = [
  { id = "Iota", name = "Iota" },
  { id = "MoveStdlib", name = "MoveStdlib" },
]

[move.toolchain-version]
compiler-version = "1.16.1-beta"
edition = "2024"
flavor = "iota"

[env]

[env.devnet]
chain-id = "e678123a"
original-published-id = "0x49d89384a4afbe8e07ae5b2a0057c1ad1bb029820dfaa94007a8843c90971470"
latest-published-id = "0x49d89384a4afbe8e07ae5b2a0057c1ad1bb029820dfaa94007a8843c90971470"
published-version = "1"
